// !$*UTF8*$!
{
	archiveVersion = 1;
	classes = {
	};
	objectVersion = 50;
	objects = {

/* Begin PBXBuildFile section */
		047AC2C4271EB15D00EEBD72 /* player.cpp in Sources */ = {isa = PBXBuildFile; fileRef = 047AC2C2271EB15D00EEBD72 /* player.cpp */; };
		047ACE5E2711B3280043111F /* main.cpp in Sources */ = {isa = PBXBuildFile; fileRef = 047ACE5D2711B3280043111F /* main.cpp */; };
		047ACE672711B47B0043111F /* SDL2.framework in Frameworks */ = {isa = PBXBuildFile; fileRef = 047ACE652711B47B0043111F /* SDL2.framework */; };
		047ACE682711B47B0043111F /* SDL2_image.framework in Frameworks */ = {isa = PBXBuildFile; fileRef = 047ACE662711B47B0043111F /* SDL2_image.framework */; };
		047ACE6B2711B61C0043111F /* game.cpp in Sources */ = {isa = PBXBuildFile; fileRef = 047ACE692711B61C0043111F /* game.cpp */; };
		047ACE6D2712B4740043111F /* SDL2_ttf.framework in Frameworks */ = {isa = PBXBuildFile; fileRef = 047ACE6C2712B4740043111F /* SDL2_ttf.framework */; };
		049A5F782714213F008A3F69 /* object.cpp in Sources */ = {isa = PBXBuildFile; fileRef = 049A5F762714213F008A3F69 /* object.cpp */; };
		04C812F52739094E0037FE4D /* parallax.cpp in Sources */ = {isa = PBXBuildFile; fileRef = 04C812F32739094E0037FE4D /* parallax.cpp */; };
/* End PBXBuildFile section */

/* Begin PBXCopyFilesBuildPhase section */
		047ACE582711B3280043111F /* CopyFiles */ = {
			isa = PBXCopyFilesBuildPhase;
			buildActionMask = 2147483647;
			dstPath = /usr/share/man/man1;
			dstSubfolderSpec = 0;
			files = (
			);
			runOnlyForDeploymentPostprocessing = 1;
		};
		049A5F7C27143025008A3F69 /* CopyFiles */ = {
			isa = PBXCopyFilesBuildPhase;
			buildActionMask = 2147483647;
			dstPath = "";
			dstSubfolderSpec = 7;
			files = (
			);
			runOnlyForDeploymentPostprocessing = 0;
		};
/* End PBXCopyFilesBuildPhase section */

/* Begin PBXFileReference section */
		0445189427329A480008114A /* starsBGlayer0small.png */ = {isa = PBXFileReference; lastKnownFileType = image.png; path = starsBGlayer0small.png; sourceTree = "<group>"; };
		047AC2BC271D780300EEBD72 /* spaceshipsprite.png */ = {isa = PBXFileReference; lastKnownFileType = image.png; path = spaceshipsprite.png; sourceTree = "<group>"; };
		047AC2BE271D859400EEBD72 /* starsBGlayer1.png */ = {isa = PBXFileReference; lastKnownFileType = image.png; path = starsBGlayer1.png; sourceTree = "<group>"; };
		047AC2C1271DBB1200EEBD72 /* spaceshipspriteall.png */ = {isa = PBXFileReference; lastKnownFileType = image.png; path = spaceshipspriteall.png; sourceTree = "<group>"; };
		047AC2C2271EB15D00EEBD72 /* player.cpp */ = {isa = PBXFileReference; lastKnownFileType = sourcecode.cpp.cpp; path = player.cpp; sourceTree = "<group>"; };
		047AC2C3271EB15D00EEBD72 /* player.hpp */ = {isa = PBXFileReference; lastKnownFileType = sourcecode.cpp.h; path = player.hpp; sourceTree = "<group>"; };
		047ACE5A2711B3280043111F /* OpenGLTest */ = {isa = PBXFileReference; explicitFileType = "compiled.mach-o.executable"; includeInIndex = 0; path = OpenGLTest; sourceTree = BUILT_PRODUCTS_DIR; };
		047ACE5D2711B3280043111F /* main.cpp */ = {isa = PBXFileReference; lastKnownFileType = sourcecode.cpp.cpp; path = main.cpp; sourceTree = "<group>"; };
		047ACE652711B47B0043111F /* SDL2.framework */ = {isa = PBXFileReference; lastKnownFileType = wrapper.framework; name = SDL2.framework; path = ../../../../../../Library/Frameworks/SDL2.framework; sourceTree = "<group>"; };
		047ACE662711B47B0043111F /* SDL2_image.framework */ = {isa = PBXFileReference; lastKnownFileType = wrapper.framework; name = SDL2_image.framework; path = ../../../../../../Library/Frameworks/SDL2_image.framework; sourceTree = "<group>"; };
		047ACE692711B61C0043111F /* game.cpp */ = {isa = PBXFileReference; lastKnownFileType = sourcecode.cpp.cpp; path = game.cpp; sourceTree = "<group>"; };
		047ACE6A2711B61C0043111F /* game.hpp */ = {isa = PBXFileReference; lastKnownFileType = sourcecode.cpp.h; path = game.hpp; sourceTree = "<group>"; };
		047ACE6C2712B4740043111F /* SDL2_ttf.framework */ = {isa = PBXFileReference; lastKnownFileType = wrapper.framework; name = SDL2_ttf.framework; path = ../../../../../../Library/Frameworks/SDL2_ttf.framework; sourceTree = "<group>"; };
		049A5F742712CB20008A3F69 /* Georgia.ttf */ = {isa = PBXFileReference; lastKnownFileType = file; path = Georgia.ttf; sourceTree = "<group>"; };
		049A5F752712CD9C008A3F69 /* Georgia.ttf */ = {isa = PBXFileReference; lastKnownFileType = file; path = Georgia.ttf; sourceTree = "<group>"; };
		049A5F762714213F008A3F69 /* object.cpp */ = {isa = PBXFileReference; lastKnownFileType = sourcecode.cpp.cpp; path = object.cpp; sourceTree = "<group>"; };
		04C812F32739094E0037FE4D /* parallax.cpp */ = {isa = PBXFileReference; lastKnownFileType = sourcecode.cpp.cpp; path = parallax.cpp; sourceTree = "<group>"; };
		04C812F42739094E0037FE4D /* parallax.hpp */ = {isa = PBXFileReference; lastKnownFileType = sourcecode.cpp.h; path = parallax.hpp; sourceTree = "<group>"; };
		04C812F6273A73830037FE4D /* object.hpp */ = {isa = PBXFileReference; fileEncoding = 4; lastKnownFileType = sourcecode.cpp.h; path = object.hpp; sourceTree = "<group>"; };
/* End PBXFileReference section */

/* Begin PBXFrameworksBuildPhase section */
		047ACE572711B3280043111F /* Frameworks */ = {
			isa = PBXFrameworksBuildPhase;
			buildActionMask = 2147483647;
			files = (
				047ACE6D2712B4740043111F /* SDL2_ttf.framework in Frameworks */,
				047ACE672711B47B0043111F /* SDL2.framework in Frameworks */,
				047ACE682711B47B0043111F /* SDL2_image.framework in Frameworks */,
			);
			runOnlyForDeploymentPostprocessing = 0;
		};
/* End PBXFrameworksBuildPhase section */

/* Begin PBXGroup section */
		047ACE512711B3280043111F = {
			isa = PBXGroup;
			children = (
				049A5F7927142CB9008A3F69 /* res */,
				049A5F752712CD9C008A3F69 /* Georgia.ttf */,
				047ACE5C2711B3280043111F /* OpenGLTest */,
				047ACE5B2711B3280043111F /* Products */,
				047ACE642711B47B0043111F /* Frameworks */,
			);
			sourceTree = "<group>";
		};
		047ACE5B2711B3280043111F /* Products */ = {
			isa = PBXGroup;
			children = (
				047ACE5A2711B3280043111F /* OpenGLTest */,
			);
			name = Products;
			sourceTree = "<group>";
		};
		047ACE5C2711B3280043111F /* OpenGLTest */ = {
			isa = PBXGroup;
			children = (
				049A5F742712CB20008A3F69 /* Georgia.ttf */,
				047ACE5D2711B3280043111F /* main.cpp */,
				047ACE692711B61C0043111F /* game.cpp */,
				047ACE6A2711B61C0043111F /* game.hpp */,
				049A5F762714213F008A3F69 /* object.cpp */,
				04C812F6273A73830037FE4D /* object.hpp */,
				047AC2C2271EB15D00EEBD72 /* player.cpp */,
				047AC2C3271EB15D00EEBD72 /* player.hpp */,
				04C812F32739094E0037FE4D /* parallax.cpp */,
				04C812F42739094E0037FE4D /* parallax.hpp */,
			);
			path = OpenGLTest;
			sourceTree = "<group>";
		};
		047ACE642711B47B0043111F /* Frameworks */ = {
			isa = PBXGroup;
			children = (
				047ACE6C2712B4740043111F /* SDL2_ttf.framework */,
				047ACE662711B47B0043111F /* SDL2_image.framework */,
				047ACE652711B47B0043111F /* SDL2.framework */,
			);
			name = Frameworks;
			sourceTree = "<group>";
		};
		049A5F7927142CB9008A3F69 /* res */ = {
			isa = PBXGroup;
			children = (
				0445189427329A480008114A /* starsBGlayer0small.png */,
				047AC2C1271DBB1200EEBD72 /* spaceshipspriteall.png */,
				047AC2BC271D780300EEBD72 /* spaceshipsprite.png */,
				047AC2BE271D859400EEBD72 /* starsBGlayer1.png */,
			);
			path = res;
			sourceTree = "<group>";
		};
/* End PBXGroup section */

/* Begin PBXNativeTarget section */
		047ACE592711B3280043111F /* OpenGLTest */ = {
			isa = PBXNativeTarget;
			buildConfigurationList = 047ACE612711B3280043111F /* Build configuration list for PBXNativeTarget "OpenGLTest" */;
			buildPhases = (
				047ACE562711B3280043111F /* Sources */,
				047ACE572711B3280043111F /* Frameworks */,
				047ACE582711B3280043111F /* CopyFiles */,
				049A5F7C27143025008A3F69 /* CopyFiles */,
			);
			buildRules = (
			);
			dependencies = (
			);
			name = OpenGLTest;
			productName = OpenGLTest;
			productReference = 047ACE5A2711B3280043111F /* OpenGLTest */;
			productType = "com.apple.product-type.tool";
		};
/* End PBXNativeTarget section */

/* Begin PBXProject section */
		047ACE522711B3280043111F /* Project object */ = {
			isa = PBXProject;
			attributes = {
				LastUpgradeCheck = 0940;
				ORGANIZATIONNAME = mac;
				TargetAttributes = {
					047ACE592711B3280043111F = {
						CreatedOnToolsVersion = 9.4.1;
					};
				};
			};
			buildConfigurationList = 047ACE552711B3280043111F /* Build configuration list for PBXProject "OpenGLTest" */;
			compatibilityVersion = "Xcode 9.3";
			developmentRegion = en;
			hasScannedForEncodings = 0;
			knownRegions = (
				en,
			);
			mainGroup = 047ACE512711B3280043111F;
			productRefGroup = 047ACE5B2711B3280043111F /* Products */;
			projectDirPath = "";
			projectRoot = "";
			targets = (
				047ACE592711B3280043111F /* OpenGLTest */,
			);
		};
/* End PBXProject section */

/* Begin PBXSourcesBuildPhase section */
		047ACE562711B3280043111F /* Sources */ = {
			isa = PBXSourcesBuildPhase;
			buildActionMask = 2147483647;
			files = (
				047AC2C4271EB15D00EEBD72 /* player.cpp in Sources */,
				04C812F52739094E0037FE4D /* parallax.cpp in Sources */,
				047ACE5E2711B3280043111F /* main.cpp in Sources */,
				049A5F782714213F008A3F69 /* object.cpp in Sources */,
				047ACE6B2711B61C0043111F /* game.cpp in Sources */,
			);
			runOnlyForDeploymentPostprocessing = 0;
		};
/* End PBXSourcesBuildPhase section */

/* Begin XCBuildConfiguration section */
		047ACE5F2711B3280043111F /* Debug */ = {
			isa = XCBuildConfiguration;
			buildSettings = {
				ALWAYS_SEARCH_USER_PATHS = NO;
				CLANG_ANALYZER_NONNULL = YES;
				CLANG_ANALYZER_NUMBER_OBJECT_CONVERSION = YES_AGGRESSIVE;
				CLANG_CXX_LANGUAGE_STANDARD = "gnu++14";
				CLANG_CXX_LIBRARY = "libc++";
				CLANG_ENABLE_MODULES = YES;
				CLANG_ENABLE_OBJC_ARC = YES;
				CLANG_ENABLE_OBJC_WEAK = YES;
				CLANG_WARN_BLOCK_CAPTURE_AUTORELEASING = YES;
				CLANG_WARN_BOOL_CONVERSION = YES;
				CLANG_WARN_COMMA = YES;
				CLANG_WARN_CONSTANT_CONVERSION = YES;
				CLANG_WARN_DEPRECATED_OBJC_IMPLEMENTATIONS = YES;
				CLANG_WARN_DIRECT_OBJC_ISA_USAGE = YES_ERROR;
				CLANG_WARN_DOCUMENTATION_COMMENTS = YES;
				CLANG_WARN_EMPTY_BODY = YES;
				CLANG_WARN_ENUM_CONVERSION = YES;
				CLANG_WARN_INFINITE_RECURSION = YES;
				CLANG_WARN_INT_CONVERSION = YES;
				CLANG_WARN_NON_LITERAL_NULL_CONVERSION = YES;
				CLANG_WARN_OBJC_IMPLICIT_RETAIN_SELF = YES;
				CLANG_WARN_OBJC_LITERAL_CONVERSION = YES;
				CLANG_WARN_OBJC_ROOT_CLASS = YES_ERROR;
				CLANG_WARN_RANGE_LOOP_ANALYSIS = YES;
				CLANG_WARN_STRICT_PROTOTYPES = YES;
				CLANG_WARN_SUSPICIOUS_MOVE = YES;
				CLANG_WARN_UNGUARDED_AVAILABILITY = YES_AGGRESSIVE;
				CLANG_WARN_UNREACHABLE_CODE = YES;
				CLANG_WARN__DUPLICATE_METHOD_MATCH = YES;
				CODE_SIGN_IDENTITY = "-";
				COPY_PHASE_STRIP = NO;
				DEBUG_INFORMATION_FORMAT = dwarf;
				ENABLE_STRICT_OBJC_MSGSEND = YES;
				ENABLE_TESTABILITY = YES;
				GCC_C_LANGUAGE_STANDARD = gnu11;
				GCC_DYNAMIC_NO_PIC = NO;
				GCC_NO_COMMON_BLOCKS = YES;
				GCC_OPTIMIZATION_LEVEL = 0;
				GCC_PREPROCESSOR_DEFINITIONS = (
					"DEBUG=1",
					"$(inherited)",
				);
				GCC_WARN_64_TO_32_BIT_CONVERSION = YES;
				GCC_WARN_ABOUT_RETURN_TYPE = YES_ERROR;
				GCC_WARN_UNDECLARED_SELECTOR = YES;
				GCC_WARN_UNINITIALIZED_AUTOS = YES_AGGRESSIVE;
				GCC_WARN_UNUSED_FUNCTION = YES;
				GCC_WARN_UNUSED_VARIABLE = YES;
				MACOSX_DEPLOYMENT_TARGET = 10.13;
				MTL_ENABLE_DEBUG_INFO = YES;
				ONLY_ACTIVE_ARCH = YES;
				SDKROOT = macosx;
			};
			name = Debug;
		};
		047ACE602711B3280043111F /* Release */ = {
			isa = XCBuildConfiguration;
			buildSettings = {
				ALWAYS_SEARCH_USER_PATHS = NO;
				CLANG_ANALYZER_NONNULL = YES;
				CLANG_ANALYZER_NUMBER_OBJECT_CONVERSION = YES_AGGRESSIVE;
				CLANG_CXX_LANGUAGE_STANDARD = "gnu++14";
				CLANG_CXX_LIBRARY = "libc++";
				CLANG_ENABLE_MODULES = YES;
				CLANG_ENABLE_OBJC_ARC = YES;
				CLANG_ENABLE_OBJC_WEAK = YES;
				CLANG_WARN_BLOCK_CAPTURE_AUTORELEASING = YES;
				CLANG_WARN_BOOL_CONVERSION = YES;
				CLANG_WARN_COMMA = YES;
				CLANG_WARN_CONSTANT_CONVERSION = YES;
				CLANG_WARN_DEPRECATED_OBJC_IMPLEMENTATIONS = YES;
				CLANG_WARN_DIRECT_OBJC_ISA_USAGE = YES_ERROR;
				CLANG_WARN_DOCUMENTATION_COMMENTS = YES;
				CLANG_WARN_EMPTY_BODY = YES;
				CLANG_WARN_ENUM_CONVERSION = YES;
				CLANG_WARN_INFINITE_RECURSION = YES;
				CLANG_WARN_INT_CONVERSION = YES;
				CLANG_WARN_NON_LITERAL_NULL_CONVERSION = YES;
				CLANG_WARN_OBJC_IMPLICIT_RETAIN_SELF = YES;
				CLANG_WARN_OBJC_LITERAL_CONVERSION = YES;
				CLANG_WARN_OBJC_ROOT_CLASS = YES_ERROR;
				CLANG_WARN_RANGE_LOOP_ANALYSIS = YES;
				CLANG_WARN_STRICT_PROTOTYPES = YES;
				CLANG_WARN_SUSPICIOUS_MOVE = YES;
				CLANG_WARN_UNGUARDED_AVAILABILITY = YES_AGGRESSIVE;
				CLANG_WARN_UNREACHABLE_CODE = YES;
				CLANG_WARN__DUPLICATE_METHOD_MATCH = YES;
				CODE_SIGN_IDENTITY = "-";
				COPY_PHASE_STRIP = NO;
				DEBUG_INFORMATION_FORMAT = "dwarf-with-dsym";
				ENABLE_NS_ASSERTIONS = NO;
				ENABLE_STRICT_OBJC_MSGSEND = YES;
				GCC_C_LANGUAGE_STANDARD = gnu11;
				GCC_NO_COMMON_BLOCKS = YES;
				GCC_WARN_64_TO_32_BIT_CONVERSION = YES;
				GCC_WARN_ABOUT_RETURN_TYPE = YES_ERROR;
				GCC_WARN_UNDECLARED_SELECTOR = YES;
				GCC_WARN_UNINITIALIZED_AUTOS = YES_AGGRESSIVE;
				GCC_WARN_UNUSED_FUNCTION = YES;
				GCC_WARN_UNUSED_VARIABLE = YES;
				MACOSX_DEPLOYMENT_TARGET = 10.13;
				MTL_ENABLE_DEBUG_INFO = NO;
				SDKROOT = macosx;
			};
			name = Release;
		};
		047ACE622711B3280043111F /* Debug */ = {
			isa = XCBuildConfiguration;
			buildSettings = {
				CODE_SIGN_IDENTITY = "";
				CODE_SIGN_STYLE = Manual;
				DEVELOPMENT_TEAM = "";
				FRAMEWORK_SEARCH_PATHS = (
					"$(inherited)",
					"$(LOCAL_LIBRARY_DIR)/Frameworks",
				);
				MACOSX_DEPLOYMENT_TARGET = 10.13;
				PRODUCT_NAME = "$(TARGET_NAME)";
				PROVISIONING_PROFILE_SPECIFIER = "";
			};
			name = Debug;
		};
		047ACE632711B3280043111F /* Release */ = {
			isa = XCBuildConfiguration;
			buildSettings = {
				CODE_SIGN_IDENTITY = "";
				CODE_SIGN_STYLE = Manual;
				DEVELOPMENT_TEAM = "";
				FRAMEWORK_SEARCH_PATHS = (
					"$(inherited)",
					"$(LOCAL_LIBRARY_DIR)/Frameworks",
				);
				MACOSX_DEPLOYMENT_TARGET = 10.13;
				PRODUCT_NAME = "$(TARGET_NAME)";
				PROVISIONING_PROFILE_SPECIFIER = "";
			};
			name = Release;
		};
/* End XCBuildConfiguration section */

/* Begin XCConfigurationList section */
		047ACE552711B3280043111F /* Build configuration list for PBXProject "OpenGLTest" */ = {
			isa = XCConfigurationList;
			buildConfigurations = (
				047ACE5F2711B3280043111F /* Debug */,
				047ACE602711B3280043111F /* Release */,
			);
			defaultConfigurationIsVisible = 0;
			defaultConfigurationName = Release;
		};
		047ACE612711B3280043111F /* Build configuration list for PBXNativeTarget "OpenGLTest" */ = {
			isa = XCConfigurationList;
			buildConfigurations = (
				047ACE622711B3280043111F /* Debug */,
				047ACE632711B3280043111F /* Release */,
			);
			defaultConfigurationIsVisible = 0;
			defaultConfigurationName = Release;
		};
/* End XCConfigurationList section */
	};
	rootObject = 047ACE522711B3280043111F /* Project object */;
}
